<?xml version="1.0" encoding="utf-8"?>
<Project ToolsVersion="4.0" xmlns="http://schemas.microsoft.com/developer/msbuild/2003">
  <ItemGroup>
    <Filter Include="Source Files">
      <UniqueIdentifier>{4FC737F1-C7A5-4376-A066-2A32D752A2FF}</UniqueIdentifier>
      <Extensions>cpp;c;cc;cxx;def;odl;idl;hpj;bat;asm;asmx</Extensions>
    </Filter>
    <Filter Include="Header Files">
      <UniqueIdentifier>{93995380-89BD-4b04-88EB-625FBE52EBFB}</UniqueIdentifier>
      <Extensions>h;hh;hpp;hxx;hm;inl;inc;xsd</Extensions>
    </Filter>
    <Filter Include="Resource Files">
      <UniqueIdentifier>{67DA6AB6-F800-4c08-8B7A-83BB121AAD01}</UniqueIdentifier>
      <Extensions>rc;ico;cur;bmp;dlg;rc2;rct;bin;rgs;gif;jpg;jpeg;jpe;resx;tiff;tif;png;wav;mfcribbon-ms</Extensions>
    </Filter>
  </ItemGroup>
  <ItemGroup>
    <Text Include="ReadMe.txt" />
  </ItemGroup>
  <ItemGroup>
    <ClInclude Include="stdafx.h">
      <Filter>Header Files</Filter>
    </ClInclude>
    <ClInclude Include="targetver.h">
      <Filter>Header Files</Filter>
    </ClInclude>
    <ClInclude Include="..\..\..\NetworkProgramming\WinSock\TCPEchoServerWS.h">
      <Filter>Header Files</Filter>
    </ClInclude>
  </ItemGroup>
  <ItemGroup>
    <ClCompile Include="stdafx.cpp">
      <Filter>Source Files</Filter>
    </ClCompile>
    <ClCompile Include="WinSock.cpp">
      <Filter>Source Files</Filter>
    </ClCompile>
    <ClCompile Include="..\..\..\NetworkProgramming\WinSock\UDPEchoClientWS.c">
      <Filter>Source Files</Filter>
    </ClCompile>
    <ClCompile Include="..\..\..\NetworkProgramming\WinSock\UDPEchoServerWS.c">
      <Filter>Source Files</Filter>
    </ClCompile>
    <ClCompile Include="..\..\..\NetworkProgramming\WinSock\AcceptTCPConnectionWS.c">
      <Filter>Source Files</Filter>
    </ClCompile>
    <ClCompile Include="..\..\..\NetworkProgramming\WinSock\BroadcastReceiverNonblockingWS.c">
      <Filter>Source Files</Filter>
    </ClCompile>
    <ClCompile Include="..\..\..\NetworkProgramming\WinSock\BroadcastReceiverWS.c">
      <Filter>Source Files</Filter>
    </ClCompile>
    <ClCompile Include="..\..\..\NetworkProgramming\WinSock\BroadcastSenderWS.c">
      <Filter>Source Files</Filter>
    </ClCompile>
    <ClCompile Include="..\..\..\NetworkProgramming\WinSock\CreateTCPServerSocketWS.c">
      <Filter>Source Files</Filter>
    </ClCompile>
    <ClCompile Include="..\..\..\NetworkProgramming\WinSock\DieWithErrorWS.c">
      <Filter>Source Files</Filter>
    </ClCompile>
    <ClCompile Include="..\..\..\NetworkProgramming\WinSock\HandleTCPClientWS.c">
      <Filter>Source Files</Filter>
    </ClCompile>
    <ClCompile Include="..\..\..\NetworkProgramming\WinSock\MulticastReceiverWS.c">
      <Filter>Source Files</Filter>
    </ClCompile>
    <ClCompile Include="..\..\..\NetworkProgramming\WinSock\MulticastSenderWS.c">
      <Filter>Source Files</Filter>
    </ClCompile>
    <ClCompile Include="..\..\..\NetworkProgramming\WinSock\ResolveNameWS.c">
      <Filter>Source Files</Filter>
    </ClCompile>
    <ClCompile Include="..\..\..\NetworkProgramming\WinSock\ResolveServiceWS.c">
      <Filter>Source Files</Filter>
    </ClCompile>
    <ClCompile Include="..\..\..\NetworkProgramming\WinSock\TCPEchoClientWS.c">
      <Filter>Source Files</Filter>
    </ClCompile>
    <ClCompile Include="..\..\..\NetworkProgramming\WinSock\TCPEchoServer-SelectWS.c">
      <Filter>Source Files</Filter>
    </ClCompile>
    <ClCompile Include="..\..\..\NetworkProgramming\WinSock\TCPEchoServer-ThreadWS.c">
      <Filter>Source Files</Filter>
    </ClCompile>
    <ClCompile Include="..\..\..\NetworkProgramming\WinSock\TCPEchoServerWS.c">
      <Filter>Source Files</Filter>
    </ClCompile>
    <ClCompile Include="..\..\..\NetworkProgramming\CodeThayVinh\ktgk-select.cpp">
      <Filter>Source Files</Filter>
    </ClCompile>
  </ItemGroup>
</Project>